
Microsoft Visual Studio Solution File, Format Version 12.00
# Visual Studio Version 17
VisualStudioVersion = 17.7.34018.315
MinimumVisualStudioVersion = 10.0.40219.1
Project("{FAE04EC0-301F-11D3-BF4B-00C04F79EFBC}") = "LojaWeb", "LojaWeb\LojaWeb.csproj", "{77A46563-0AD3-4737-A30B-C8FD6808DCC2}"
EndProject
Project("{FAE04EC0-301F-11D3-BF4B-00C04F79EFBC}") = "LojaWebApi", "LojaWebApi\LojaWebApi.csproj", "{CAA661FD-476B-4366-8F8C-D8DDD958D531}"
EndProject
Project("{FAE04EC0-301F-11D3-BF4B-00C04F79EFBC}") = "LojaWebModels", "LojaWebModels\LojaWebModels.csproj", "{11655B53-4A43-439C-8171-BE15BA814741}"
EndProject
Global
	GlobalSection(SolutionConfigurationPlatforms) = preSolution
		Debug|Any CPU = Debug|Any CPU
		Release|Any CPU = Release|Any CPU
	EndGlobalSection
	GlobalSection(ProjectConfigurationPlatforms) = postSolution
		{77A46563-0AD3-4737-A30B-C8FD6808DCC2}.Debug|Any CPU.ActiveCfg = Debug|Any CPU
		{77A46563-0AD3-4737-A30B-C8FD6808DCC2}.Debug|Any CPU.Build.0 = Debug|Any CPU
		{77A46563-0AD3-4737-A30B-C8FD6808DCC2}.Release|Any CPU.ActiveCfg = Release|Any CPU
		{77A46563-0AD3-4737-A30B-C8FD6808DCC2}.Release|Any CPU.Build.0 = Release|Any CPU
		{CAA661FD-476B-4366-8F8C-D8DDD958D531}.Debug|Any CPU.ActiveCfg = Debug|Any CPU
		{CAA661FD-476B-4366-8F8C-D8DDD958D531}.Debug|Any CPU.Build.0 = Debug|Any CPU
		{CAA661FD-476B-4366-8F8C-D8DDD958D531}.Release|Any CPU.ActiveCfg = Release|Any CPU
		{CAA661FD-476B-4366-8F8C-D8DDD958D531}.Release|Any CPU.Build.0 = Release|Any CPU
		{11655B53-4A43-439C-8171-BE15BA814741}.Debug|Any CPU.ActiveCfg = Debug|Any CPU
		{11655B53-4A43-439C-8171-BE15BA814741}.Debug|Any CPU.Build.0 = Debug|Any CPU
		{11655B53-4A43-439C-8171-BE15BA814741}.Release|Any CPU.ActiveCfg = Release|Any CPU
		{11655B53-4A43-439C-8171-BE15BA814741}.Release|Any CPU.Build.0 = Release|Any CPU
	EndGlobalSection
	GlobalSection(SolutionProperties) = preSolution
		HideSolutionNode = FALSE
	EndGlobalSection
	GlobalSection(ExtensibilityGlobals) = postSolution
		SolutionGuid = {E45C6B92-D2A5-4ABE-ADE8-96B9B314BE46}
	EndGlobalSection
EndGlobal
